
Microsoft Visual Studio Solution File, Format Version 12.00
# Visual Studio Version 16
VisualStudioVersion = 16.0.30611.23
MinimumVisualStudioVersion = 10.0.40219.1
Project("{FAE04EC0-301F-11D3-BF4B-00C04F79EFBC}") = "Accademy.Console", "Accademy.Console\Accademy.Console.csproj", "{0A47C806-C116-4F4E-9362-8A1941F51AD5}"
EndProject
Project("{FAE04EC0-301F-11D3-BF4B-00C04F79EFBC}") = "HumanResources", "HumanResources\HumanResources.csproj", "{634ACF1B-E501-41E1-82A8-FD0CB9CD38B1}"
EndProject
Project("{FAE04EC0-301F-11D3-BF4B-00C04F79EFBC}") = "Accademy.Geometry", "Accademy.Geometry\Accademy.Geometry.csproj", "{B227484E-2FAA-47D4-88AC-4DD4CBC9BE6C}"
EndProject
Project("{FAE04EC0-301F-11D3-BF4B-00C04F79EFBC}") = "GeometryAbstract", "GeometryAbstract\GeometryAbstract.csproj", "{7B220757-A9B4-4739-9D17-BC9B328F0335}"
EndProject
Project("{FAE04EC0-301F-11D3-BF4B-00C04F79EFBC}") = "Accademy.Helper", "Accademy.Helper\Accademy.Helper.csproj", "{ECD3546A-1D05-42ED-9DFF-D737FDCCBE8C}"
EndProject
Project("{9A19103F-16F7-4668-BE54-9A1E7A4F7556}") = "Accademy.WinForms", "Accademy.WinForms\Accademy.WinForms.csproj", "{6E2ED82B-F769-4019-A489-1FEC1C591C1D}"
EndProject
Project("{9A19103F-16F7-4668-BE54-9A1E7A4F7556}") = "Accademy.Winform.Tris", "Accademy.Winform.Tris\Accademy.Winform.Tris.csproj", "{862FE9DD-EC64-45F5-BBFB-533E81982F74}"
EndProject
Project("{FAE04EC0-301F-11D3-BF4B-00C04F79EFBC}") = "Accademy.Bank", "Accademy.Bank\Accademy.Bank.csproj", "{F50EA7D5-CB00-4E9C-AD35-25A94FF01298}"
EndProject
Project("{FAE04EC0-301F-11D3-BF4B-00C04F79EFBC}") = "DataManager", "DataManager\DataManager.csproj", "{A7821D46-0C6D-4786-A7B9-A341F313D75A}"
EndProject
Project("{FAE04EC0-301F-11D3-BF4B-00C04F79EFBC}") = "Accademy.Entities", "Accademy.Entities\Accademy.Entities.csproj", "{39C3D447-AAC1-46E9-8B12-8D0C4F1D4CC4}"
EndProject
Project("{FAE04EC0-301F-11D3-BF4B-00C04F79EFBC}") = "Accademy.TestDelegate", "Accademy.TestDelegate\Accademy.TestDelegate.csproj", "{114BBBFE-C5C6-4CD1-BC10-032B59C447D6}"
EndProject
Project("{FAE04EC0-301F-11D3-BF4B-00C04F79EFBC}") = "Accademy.MailSystem", "Accademy.MailSystem\Accademy.MailSystem.csproj", "{23A2B4FE-7960-487D-96C7-0D438018D416}"
EndProject
Global
	GlobalSection(SolutionConfigurationPlatforms) = preSolution
		Debug|Any CPU = Debug|Any CPU
		Release|Any CPU = Release|Any CPU
	EndGlobalSection
	GlobalSection(ProjectConfigurationPlatforms) = postSolution
		{0A47C806-C116-4F4E-9362-8A1941F51AD5}.Debug|Any CPU.ActiveCfg = Debug|Any CPU
		{0A47C806-C116-4F4E-9362-8A1941F51AD5}.Debug|Any CPU.Build.0 = Debug|Any CPU
		{0A47C806-C116-4F4E-9362-8A1941F51AD5}.Release|Any CPU.ActiveCfg = Release|Any CPU
		{0A47C806-C116-4F4E-9362-8A1941F51AD5}.Release|Any CPU.Build.0 = Release|Any CPU
		{634ACF1B-E501-41E1-82A8-FD0CB9CD38B1}.Debug|Any CPU.ActiveCfg = Debug|Any CPU
		{634ACF1B-E501-41E1-82A8-FD0CB9CD38B1}.Debug|Any CPU.Build.0 = Debug|Any CPU
		{634ACF1B-E501-41E1-82A8-FD0CB9CD38B1}.Release|Any CPU.ActiveCfg = Release|Any CPU
		{634ACF1B-E501-41E1-82A8-FD0CB9CD38B1}.Release|Any CPU.Build.0 = Release|Any CPU
		{B227484E-2FAA-47D4-88AC-4DD4CBC9BE6C}.Debug|Any CPU.ActiveCfg = Debug|Any CPU
		{B227484E-2FAA-47D4-88AC-4DD4CBC9BE6C}.Debug|Any CPU.Build.0 = Debug|Any CPU
		{B227484E-2FAA-47D4-88AC-4DD4CBC9BE6C}.Release|Any CPU.ActiveCfg = Release|Any CPU
		{B227484E-2FAA-47D4-88AC-4DD4CBC9BE6C}.Release|Any CPU.Build.0 = Release|Any CPU
		{7B220757-A9B4-4739-9D17-BC9B328F0335}.Debug|Any CPU.ActiveCfg = Debug|Any CPU
		{7B220757-A9B4-4739-9D17-BC9B328F0335}.Debug|Any CPU.Build.0 = Debug|Any CPU
		{7B220757-A9B4-4739-9D17-BC9B328F0335}.Release|Any CPU.ActiveCfg = Release|Any CPU
		{7B220757-A9B4-4739-9D17-BC9B328F0335}.Release|Any CPU.Build.0 = Release|Any CPU
		{ECD3546A-1D05-42ED-9DFF-D737FDCCBE8C}.Debug|Any CPU.ActiveCfg = Debug|Any CPU
		{ECD3546A-1D05-42ED-9DFF-D737FDCCBE8C}.Debug|Any CPU.Build.0 = Debug|Any CPU
		{ECD3546A-1D05-42ED-9DFF-D737FDCCBE8C}.Release|Any CPU.ActiveCfg = Release|Any CPU
		{ECD3546A-1D05-42ED-9DFF-D737FDCCBE8C}.Release|Any CPU.Build.0 = Release|Any CPU
		{6E2ED82B-F769-4019-A489-1FEC1C591C1D}.Debug|Any CPU.ActiveCfg = Debug|Any CPU
		{6E2ED82B-F769-4019-A489-1FEC1C591C1D}.Debug|Any CPU.Build.0 = Debug|Any CPU
		{6E2ED82B-F769-4019-A489-1FEC1C591C1D}.Release|Any CPU.ActiveCfg = Release|Any CPU
		{6E2ED82B-F769-4019-A489-1FEC1C591C1D}.Release|Any CPU.Build.0 = Release|Any CPU
		{862FE9DD-EC64-45F5-BBFB-533E81982F74}.Debug|Any CPU.ActiveCfg = Debug|Any CPU
		{862FE9DD-EC64-45F5-BBFB-533E81982F74}.Debug|Any CPU.Build.0 = Debug|Any CPU
		{862FE9DD-EC64-45F5-BBFB-533E81982F74}.Release|Any CPU.ActiveCfg = Release|Any CPU
		{862FE9DD-EC64-45F5-BBFB-533E81982F74}.Release|Any CPU.Build.0 = Release|Any CPU
		{F50EA7D5-CB00-4E9C-AD35-25A94FF01298}.Debug|Any CPU.ActiveCfg = Debug|Any CPU
		{F50EA7D5-CB00-4E9C-AD35-25A94FF01298}.Debug|Any CPU.Build.0 = Debug|Any CPU
		{F50EA7D5-CB00-4E9C-AD35-25A94FF01298}.Release|Any CPU.ActiveCfg = Release|Any CPU
		{F50EA7D5-CB00-4E9C-AD35-25A94FF01298}.Release|Any CPU.Build.0 = Release|Any CPU
		{A7821D46-0C6D-4786-A7B9-A341F313D75A}.Debug|Any CPU.ActiveCfg = Debug|Any CPU
		{A7821D46-0C6D-4786-A7B9-A341F313D75A}.Debug|Any CPU.Build.0 = Debug|Any CPU
		{A7821D46-0C6D-4786-A7B9-A341F313D75A}.Release|Any CPU.ActiveCfg = Release|Any CPU
		{A7821D46-0C6D-4786-A7B9-A341F313D75A}.Release|Any CPU.Build.0 = Release|Any CPU
		{39C3D447-AAC1-46E9-8B12-8D0C4F1D4CC4}.Debug|Any CPU.ActiveCfg = Debug|Any CPU
		{39C3D447-AAC1-46E9-8B12-8D0C4F1D4CC4}.Debug|Any CPU.Build.0 = Debug|Any CPU
		{39C3D447-AAC1-46E9-8B12-8D0C4F1D4CC4}.Release|Any CPU.ActiveCfg = Release|Any CPU
		{39C3D447-AAC1-46E9-8B12-8D0C4F1D4CC4}.Release|Any CPU.Build.0 = Release|Any CPU
		{114BBBFE-C5C6-4CD1-BC10-032B59C447D6}.Debug|Any CPU.ActiveCfg = Debug|Any CPU
		{114BBBFE-C5C6-4CD1-BC10-032B59C447D6}.Debug|Any CPU.Build.0 = Debug|Any CPU
		{114BBBFE-C5C6-4CD1-BC10-032B59C447D6}.Release|Any CPU.ActiveCfg = Release|Any CPU
		{114BBBFE-C5C6-4CD1-BC10-032B59C447D6}.Release|Any CPU.Build.0 = Release|Any CPU
		{23A2B4FE-7960-487D-96C7-0D438018D416}.Debug|Any CPU.ActiveCfg = Debug|Any CPU
		{23A2B4FE-7960-487D-96C7-0D438018D416}.Debug|Any CPU.Build.0 = Debug|Any CPU
		{23A2B4FE-7960-487D-96C7-0D438018D416}.Release|Any CPU.ActiveCfg = Release|Any CPU
		{23A2B4FE-7960-487D-96C7-0D438018D416}.Release|Any CPU.Build.0 = Release|Any CPU
	EndGlobalSection
	GlobalSection(SolutionProperties) = preSolution
		HideSolutionNode = FALSE
	EndGlobalSection
	GlobalSection(ExtensibilityGlobals) = postSolution
		SolutionGuid = {D396B882-62A0-4575-9FFA-A82FCEFDFFA1}
	EndGlobalSection
EndGlobal
